lockfileVersion: '9.0'

settings:
  autoInstallPeers: false
  excludeLinksFromLockfile: false

importers:

  .:
    dependencies:
      dsh-at-file:
        specifier: https://github.com/omdsh-dev/dsh-at-file/archive/refs/tags/v0.6.0.tar.gz
        version: https://github.com/omdsh-dev/dsh-at-file/archive/refs/tags/v0.6.0.tar.gz

packages:

  dsh-at-file@https://github.com/omdsh-dev/dsh-at-file/archive/refs/tags/v0.6.0.tar.gz:
    resolution: {integrity: sha512-jqG8hYt0gE/yIrLkSljpXCFy6yOP63cZ7eNnSCfM2mAAOocNWAUKVoQ34SDj3SoYbE1YT8nDqzZZ2DpRkrKqeQ==, tarball: https://github.com/omdsh-dev/dsh-at-file/archive/refs/tags/v0.6.0.tar.gz}
    version: 0.6.0
    peerDependencies:
      '@deepseek-ai/cordis': ^4.0.1-rc.1
      '@deepseek-ai/dsh-agent': '*'
      '@deepseek-ai/dsh-api-remotes': '*'
      '@deepseek-ai/dsh-client-connection': '*'
      '@deepseek-ai/dsh-client-locale': '*'
      '@deepseek-ai/dsh-client-runtime': '*'
      '@deepseek-ai/dsh-client-ui-conversation': '*'
      '@deepseek-ai/dsh-client-ui-input-trigger': '*'
      '@deepseek-ai/dsh-client-ui-settings': '*'
      '@deepseek-ai/dsh-client-ui-slots': '*'
      '@deepseek-ai/dsh-llm': '*'
      '@deepseek-ai/dsh-settings': '*'
      '@deepseek-ai/dsh-typert-protocol': '*'
      '@deepseek-ai/dsh-typert-registry': '*'
      react: ^18.2.0
    peerDependenciesMeta:
      '@deepseek-ai/cordis':
        optional: true
      '@deepseek-ai/dsh-agent':
        optional: true
      '@deepseek-ai/dsh-api-remotes':
        optional: true
      '@deepseek-ai/dsh-client-connection':
        optional: true
      '@deepseek-ai/dsh-client-locale':
        optional: true
      '@deepseek-ai/dsh-client-runtime':
        optional: true
      '@deepseek-ai/dsh-client-ui-conversation':
        optional: true
      '@deepseek-ai/dsh-client-ui-input-trigger':
        optional: true
      '@deepseek-ai/dsh-client-ui-settings':
        optional: true
      '@deepseek-ai/dsh-client-ui-slots':
        optional: true
      '@deepseek-ai/dsh-llm':
        optional: true
      '@deepseek-ai/dsh-settings':
        optional: true
      '@deepseek-ai/dsh-typert-protocol':
        optional: true
      '@deepseek-ai/dsh-typert-registry':
        optional: true
      react:
        optional: true

  zod@4.4.3:
    resolution: {integrity: sha512-ytENFjIJFl2UwYglde2jchW2Hwm4GJFLDiSXWdTrJQBIN9Fcyp7n4DhxJEiWNAJMV1/BqWfW/kkg71UDcHJyTQ==}

snapshots:

  dsh-at-file@https://github.com/omdsh-dev/dsh-at-file/archive/refs/tags/v0.6.0.tar.gz:
    dependencies:
      zod: 4.4.3

  zod@4.4.3: {}
