lockfileVersion: '9.0'

settings:
  autoInstallPeers: false
  excludeLinksFromLockfile: false

importers:

  .:
    dependencies:
      '@hyzyn/dsh-codegraph':
        specifier: ^0.6.3
        version: 0.6.3
      '@linxin666/dsh-client-ui-git-graph':
        specifier: ^0.4.4
        version: 0.4.4
      '@linxin666/dsh-client-ui-skill-explorer':
        specifier: ^0.4.4
        version: 0.4.4
      '@tt-a1i/archify-dsh':
        specifier: ^0.1.0
        version: 0.1.0
      dsh-context:
        specifier: ^0.62.2
        version: 0.62.2(@deepseek-ai/schemastery@3.18.4)
      dsh-free-search:
        specifier: ^0.6.6
        version: 0.6.6
      dsh-session-manager:
        specifier: ^0.6.2
        version: 0.6.2
      dshmarket:
        specifier: ^1.66.8
        version: 1.66.8(@deepseek-ai/schemastery@3.18.4)

packages:

  '@deepseek-ai/cosmokit@1.8.5':
    resolution: {integrity: sha512-LXsrlem9z8dq4sLflj2yuCuYX7KqhdzF5hZly3eZyuTo8d6oDSOXuEgC5DbQWKW+lksm6zmOutQLsP/ma6wR6A==}

  '@deepseek-ai/schemastery@3.18.4':
    resolution: {integrity: sha512-SSXO6tYuyrIqKVbmOnIq0s+riUywYzouFMcnBluHF9n4KMo2G8HvEzhCYj6pj2617/glOjbJuVInJ9hfONsjkg==}

  '@hyzyn/dsh-codegraph@0.6.3':
    resolution: {integrity: sha512-0sermAh7aRRykrm36s3aqSgPd+xoozrTyuoh2e27ObHjnk/cxvLsL6CyiTj8DLW9rIpkBkEUdSCK+48LWZ4epA==}
    engines: {node: '>=22.19.0'}
    peerDependencies:
      '@deepseek-ai/dsh': ^0.1.7-rc.2 || ^0.2.0-rc.1 || ^0.2.0-rc.2
      '@deepseek-ai/dsh-mcp-client': ^0.1.7-rc.2 || ^0.2.0-rc.1 || ^0.2.0-rc.2
      react: ^18.2.0
    peerDependenciesMeta:
      '@deepseek-ai/dsh':
        optional: true
      '@deepseek-ai/dsh-mcp-client':
        optional: true

  '@hyzyn/dsh-kit@0.5.1':
    resolution: {integrity: sha512-JvoLy3zMPNn1gzqJBjHeXEwPV6Ng2mkdb++EJW/aMWsx6bPYVHev+C4KcxmL25nmbBmyGeNDhE4pO3HQ6lo4LA==}
    engines: {node: '>=22.19.0'}

  '@linxin666/dsh-client-ui-git-graph@0.4.4':
    resolution: {integrity: sha512-S1x3SOMNhYxk7DoeHs6QPtFfrjREtD/kKe0FNvlnn6RBb7TZBRlIId6f3HBMZSqnoosLnDO15kvj1hYu9uj8EA==}
    engines: {node: ^22.19.0 || >=24.0.0}
    peerDependencies:
      '@deepseek-ai/dsh': '>=0.2.0-rc.1'
      react: ^18.2.0

  '@linxin666/dsh-client-ui-skill-explorer@0.4.4':
    resolution: {integrity: sha512-qHOPrsJqKZkybZ8cCQAE9yeJJZwSkZcSSMPqkAsgtupLeZyIV96C768oy2NZkOc4N3Ksfmy3fZkYz0aYmx+UNw==}
    peerDependencies:
      '@deepseek-ai/dsh': '>=0.2.0-rc.1'
      react: ^18.2.0

  '@standard-schema/spec@1.1.0':
    resolution: {integrity: sha512-l2aFy5jALhniG5HgqrD6jXLi/rUWrKvqN/qJx6yoJsgKhblVd+iqqU4RCXavm/jPityDo5TCvKMnpjKnOriy0w==}

  '@tt-a1i/archify-dsh@0.1.0':
    resolution: {integrity: sha512-D8fDqV6DV/vo80Gj/3rgidd+hwBbhTVncaVoD5Uhh+DbgYlEoQQOmBVbhU5HW33wE5OqJP/2HkTRPJ0hf7W0tA==}
    engines: {node: ^22.19.0 || >=24.0.0}

  argparse@2.0.1:
    resolution: {integrity: sha512-8+9WqebbFzpX9OR+Wa6O29asIogeRMzcGtAINdpMHHyAg10f05aSFVBbcEqGf/PXw1EjAZ+q2/bEBg3DvurK3Q==}

  dsh-context@0.62.2:
    resolution: {integrity: sha512-Du1QMCHMniBm2XYQTX0XdRaw2rnMjj/sokH16EU+mUOpYcMoyyQP5S/bzZonuT7YSV1QMu2nY/RtlirwxH5nNw==}
    engines: {node: ^22.19.0 || >=24.0.0}
    peerDependencies:
      '@deepseek-ai/cordis': ^4.0.2
      '@deepseek-ai/dsh-client-ui-primitives': '>=0.1.5-rc.1'
      '@deepseek-ai/dsh-session': '>=0.1.5-rc.1'
      '@deepseek-ai/dsh-settings': '>=0.1.5-rc.1'
      '@deepseek-ai/schemastery': ^3.18.2
      react: ^18.3.1
      react-dom: ^18.3.1
    peerDependenciesMeta:
      '@deepseek-ai/dsh-client-ui-primitives':
        optional: true
      react:
        optional: true
      react-dom:
        optional: true

  dsh-free-search@0.6.6:
    resolution: {integrity: sha512-B3eFTdCdGci6m31Q0CWZi+j2mML2u0HPkIFcdYy1iex4ikDdudH29zGa8gfY4vxG3vmvB4MwwH23j8sKOkj65g==}
    engines: {node: '>=20'}
    peerDependencies:
      '@deepseek-ai/cordis': ^4.0.1
      '@deepseek-ai/dsh-client-ui-commands': ^0.1.7-rc.1 || ^0.2.0-rc.1
      '@deepseek-ai/dsh-client-ui-plugin-manager': ^0.1.7-rc.1 || ^0.2.0-rc.1
      '@deepseek-ai/dsh-client-ui-renderer': ^0.1.7-rc.1 || ^0.2.0-rc.1
      '@deepseek-ai/dsh-settings': ^0.1.7-rc.1 || ^0.2.0-rc.1
      '@deepseek-ai/dsh-tools': ^0.1.7-rc.1 || ^0.2.0-rc.1
      react: ^18.2.0
    peerDependenciesMeta:
      '@deepseek-ai/cordis':
        optional: true
      '@deepseek-ai/dsh-client-ui-commands':
        optional: true
      '@deepseek-ai/dsh-client-ui-plugin-manager':
        optional: true
      '@deepseek-ai/dsh-client-ui-renderer':
        optional: true
      '@deepseek-ai/dsh-settings':
        optional: true
      '@deepseek-ai/dsh-tools':
        optional: true
      react:
        optional: true

  dsh-session-manager@0.6.2:
    resolution: {integrity: sha512-GufMysVzwyP1T0TknaTl/nB4K+4rzeBoQsjSrkua2mO9eJfop+vd9uHdpNNBTdn+JWh3tWSdhxVJIOWsdqCs3Q==}
    engines: {node: ^22.15.0 || >=24.0.0}
    peerDependencies:
      cordis: '>=4.0.0-rc <5'

  dshmarket@1.66.8:
    resolution: {integrity: sha512-zOYCijI/du6qlcmUbx47aaUv6OM7Z/akIQ8n3f9Q2ihtV3U3sbRI5nG0guS+8npsb/vhA2turyEf9Yblg6LweQ==}
    peerDependencies:
      '@deepseek-ai/cordis': ^4.0.1
      '@deepseek-ai/dsh-settings': ^0.1.0-rc.7 || ^0.1.1-rc.2 || ^0.1.2-alpha.2 || ^0.2.0-rc.1
      '@deepseek-ai/schemastery': ^3.18.1
    peerDependenciesMeta:
      '@deepseek-ai/dsh-settings':
        optional: true
      '@deepseek-ai/schemastery':
        optional: true

  js-yaml@4.3.2:
    resolution: {integrity: sha512-SFNOvSJ+Dgf/9An904Yx+CgSlIPCkIpao4qo51lpee25TIRejdH3rhR4EZMGoNx3/TP3O+wzWuiTFl4sqbltzA==}
    hasBin: true

  undici@7.30.0:
    resolution: {integrity: sha512-dkrQXeHSaoamnItlYbmzG0wFYrM0ZwDxCIg0A7aKjTyyhh9svRzCNFEzV+Vm05/yehjCzjDZ31KXfGEjYSztDQ==}
    engines: {node: '>=20.18.1'}

  zod@4.6.1:
    resolution: {integrity: sha512-341aRWQsve0rvronKNTqZpjmzdbUDlFuzHaI/XLg/Ej82qffDJRRfBTCuv7+9q/rMjB6LSLyEBnW4InJeMtt/Q==}

snapshots:

  '@deepseek-ai/cosmokit@1.8.5': {}

  '@deepseek-ai/schemastery@3.18.4':
    dependencies:
      '@deepseek-ai/cosmokit': 1.8.5
      '@standard-schema/spec': 1.1.0

  '@hyzyn/dsh-codegraph@0.6.3':
    dependencies:
      '@deepseek-ai/schemastery': 3.18.4
      '@hyzyn/dsh-kit': 0.5.1
      js-yaml: 4.3.2

  '@hyzyn/dsh-kit@0.5.1':
    dependencies:
      js-yaml: 4.3.2

  '@linxin666/dsh-client-ui-git-graph@0.4.4':
    dependencies:
      '@deepseek-ai/schemastery': 3.18.4

  '@linxin666/dsh-client-ui-skill-explorer@0.4.4': {}

  '@standard-schema/spec@1.1.0': {}

  '@tt-a1i/archify-dsh@0.1.0': {}

  argparse@2.0.1: {}

  dsh-context@0.62.2(@deepseek-ai/schemastery@3.18.4):
    dependencies:
      '@deepseek-ai/schemastery': 3.18.4
      zod: 4.6.1

  dsh-free-search@0.6.6:
    dependencies:
      '@deepseek-ai/schemastery': 3.18.4

  dsh-session-manager@0.6.2: {}

  dshmarket@1.66.8(@deepseek-ai/schemastery@3.18.4):
    dependencies:
      js-yaml: 4.3.2
      undici: 7.30.0
    optionalDependencies:
      '@deepseek-ai/schemastery': 3.18.4

  js-yaml@4.3.2:
    dependencies:
      argparse: 2.0.1

  undici@7.30.0: {}

  zod@4.6.1: {}
